# This file is automatically @generated by Poetry 1.8.2 and should not be changed by hand.

[[package]]
name = "pycider"
version = "0.6.6"
description = "Aggregates composition for domain driven design in Python"
optional = false
python-versions = "^3.12"
files = []
develop = false

[package.source]
type = "directory"
url = "../.."

[metadata]
lock-version = "2.0"
python-versions = "^3.12"
content-hash = "a4a83857be2a50bd8589587c3f85d5cb0e87bf455718c80f84c6553c7b5f7f37"
